
Microsoft Visual Studio Solution File, Format Version 12.00
# Visual Studio Version 16
VisualStudioVersion = 16.0.29609.76
MinimumVisualStudioVersion = 10.0.40219.1
Project("{FAE04EC0-301F-11D3-BF4B-00C04F79EFBC}") = "FizzBuzz", "FizzBuzz\FizzBuzz.csproj", "{81CD221F-B317-4D60-9BFF-8F7A33DB95AD}"
EndProject
Global
	GlobalSection(SolutionConfigurationPlatforms) = preSolution
		Debug|Any CPU = Debug|Any CPU
		Release|Any CPU = Release|Any CPU
	EndGlobalSection
	GlobalSection(ProjectConfigurationPlatforms) = postSolution
		{81CD221F-B317-4D60-9BFF-8F7A33DB95AD}.Debug|Any CPU.ActiveCfg = Debug|Any CPU
		{81CD221F-B317-4D60-9BFF-8F7A33DB95AD}.Debug|Any CPU.Build.0 = Debug|Any CPU
		{81CD221F-B317-4D60-9BFF-8F7A33DB95AD}.Release|Any CPU.ActiveCfg = Release|Any CPU
		{81CD221F-B317-4D60-9BFF-8F7A33DB95AD}.Release|Any CPU.Build.0 = Release|Any CPU
	EndGlobalSection
	GlobalSection(SolutionProperties) = preSolution
		HideSolutionNode = FALSE
	EndGlobalSection
	GlobalSection(ExtensibilityGlobals) = postSolution
		SolutionGuid = {C47E1C74-71E3-4731-953C-B097CAF62DF2}
	EndGlobalSection
EndGlobal
